Microsoft Visual Studio Solution File, Format Version 12.00
# Visual Studio Version 17
VisualStudioVersion = 17.12.35514.174
MinimumVisualStudioVersion = 10.0.40219.1
Project("{FAE04EC0-301F-11D3-BF4B-00C04F79EFBC}") = "Tests", "Tests\Tests.csproj", "{AB2E803F-0B5D-4E20-9987-92B6704201EE}"
EndProject
Project("{FAE04EC0-301F-11D3-BF4B-00C04F79EFBC}") = "ImageCompare", "ImageCompare\ImageCompare.csproj", "{E7A1EF14-3F1E-44E6-9312-8BC7A22DF55D}"
EndProject
Project("{FAE04EC0-301F-11D3-BF4B-00C04F79EFBC}") = "BlazorApp", "BlazorApp\BlazorApp.csproj", "{A36E5C72-DD61-4841-95A6-AA2F526C7FBA}"
EndProject
Global
	GlobalSection(SolutionConfigurationPlatforms) = preSolution
		Debug|Any CPU = Debug|Any CPU
		Release|Any CPU = Release|Any CPU
	EndGlobalSection
	GlobalSection(ProjectConfigurationPlatforms) = postSolution
		{AB2E803F-0B5D-4E20-9987-92B6704201EE}.Debug|Any CPU.ActiveCfg = Debug|Any CPU
		{AB2E803F-0B5D-4E20-9987-92B6704201EE}.Debug|Any CPU.Build.0 = Debug|Any CPU
		{AB2E803F-0B5D-4E20-9987-92B6704201EE}.Release|Any CPU.ActiveCfg = Release|Any CPU
		{AB2E803F-0B5D-4E20-9987-92B6704201EE}.Release|Any CPU.Build.0 = Release|Any CPU
		{E7A1EF14-3F1E-44E6-9312-8BC7A22DF55D}.Debug|Any CPU.ActiveCfg = Debug|Any CPU
		{E7A1EF14-3F1E-44E6-9312-8BC7A22DF55D}.Debug|Any CPU.Build.0 = Debug|Any CPU
		{E7A1EF14-3F1E-44E6-9312-8BC7A22DF55D}.Release|Any CPU.ActiveCfg = Release|Any CPU
		{E7A1EF14-3F1E-44E6-9312-8BC7A22DF55D}.Release|Any CPU.Build.0 = Release|Any CPU
		{A36E5C72-DD61-4841-95A6-AA2F526C7FBA}.Debug|Any CPU.ActiveCfg = Debug|Any CPU
		{A36E5C72-DD61-4841-95A6-AA2F526C7FBA}.Debug|Any CPU.Build.0 = Debug|Any CPU
		{A36E5C72-DD61-4841-95A6-AA2F526C7FBA}.Release|Any CPU.ActiveCfg = Release|Any CPU
		{A36E5C72-DD61-4841-95A6-AA2F526C7FBA}.Release|Any CPU.Build.0 = Release|Any CPU
	EndGlobalSection
	GlobalSection(SolutionProperties) = preSolution
		HideSolutionNode = FALSE
	EndGlobalSection
EndGlobal
